{
  "pins" : [
    {
      "identity" : "bindid-ios-sdk",
      "kind" : "remoteSourceControl",
      "location" : "https://github.com/TransmitSecurity/bindid-ios-sdk",
      "state" : {
        "branch" : "release/1.20.0",
        "revision" : "177e0dfb2a0b7715387761b1f7ade73856f19f68"
      }
    }
  ],
  "version" : 2
}
