{
  "pins" : [
    {
      "identity" : "bindid-ios-sdk",
      "kind" : "remoteSourceControl",
      "location" : "https://github.com/TransmitSecurity/bindid-ios-sdk",
      "state" : {
        "branch" : "release/1.30.0",
        "revision" : "3235ab7623ff1b108e234c3e80b7d40fd8ee3fa3"
      }
    }
  ],
  "version" : 2
}
